<?xml version="1.0" encoding="utf-8"?>
<Project ToolsVersion="4.0" xmlns="http://schemas.microsoft.com/developer/msbuild/2003">
  <ItemGroup>
    <Filter Include="Source Files">
      <UniqueIdentifier>{4FC737F1-C7A5-4376-A066-2A32D752A2FF}</UniqueIdentifier>
      <Extensions>cpp;c;cc;cxx;def;odl;idl;hpj;bat;asm;asmx</Extensions>
    </Filter>
    <Filter Include="Header Files">
      <UniqueIdentifier>{93995380-89BD-4b04-88EB-625FBE52EBFB}</UniqueIdentifier>
      <Extensions>h;hh;hpp;hxx;hm;inl;inc;ipp;xsd</Extensions>
    </Filter>
    <Filter Include="Resource Files">
      <UniqueIdentifier>{67DA6AB6-F800-4c08-8B7A-83BB121AAD01}</UniqueIdentifier>
      <Extensions>rc;ico;cur;bmp;dlg;rc2;rct;bin;rgs;gif;jpg;jpeg;jpe;resx;tiff;tif;png;wav;mfcribbon-ms</Extensions>
    </Filter>
    <Filter Include="Header Files\ImGUI">
      <UniqueIdentifier>{45d56f76-8e53-4a84-8e3f-dd3a0b08fced}</UniqueIdentifier>
    </Filter>
    <Filter Include="Resource Files\Shaders">
      <UniqueIdentifier>{5f623b80-7c33-488d-8b37-2ffc96c36582}</UniqueIdentifier>
    </Filter>
    <Filter Include="Source Files\Graphics">
      <UniqueIdentifier>{6c394fbc-9d62-4edb-b8ed-0b1fc506095d}</UniqueIdentifier>
    </Filter>
    <Filter Include="Source Files\System">
      <UniqueIdentifier>{4ae64b90-9815-4c15-afca-1d595ce9d46a}</UniqueIdentifier>
    </Filter>
    <Filter Include="Header Files\Graphics">
      <UniqueIdentifier>{ea6de10f-fbb1-4f5e-a19c-8ada52f2cfbc}</UniqueIdentifier>
    </Filter>
    <Filter Include="Header Files\System">
      <UniqueIdentifier>{cf953396-27df-4233-a55e-1bd3909e5ab9}</UniqueIdentifier>
    </Filter>
    <Filter Include="Header Files\System\Incomplete">
      <UniqueIdentifier>{e5fd3e1d-9f63-484b-be67-9c89679f7863}</UniqueIdentifier>
    </Filter>
    <Filter Include="Source Files\ECS">
      <UniqueIdentifier>{5e49ff06-6da7-45fc-ab69-9b62bcc9f442}</UniqueIdentifier>
    </Filter>
  </ItemGroup>
  <ItemGroup>
    <ClInclude Include="ImGui.h">
      <Filter>Header Files\ImGUI</Filter>
    </ClInclude>
    <ClInclude Include="Headers\imgui_impl_glfw.h">
      <Filter>Header Files\ImGUI</Filter>
    </ClInclude>
    <ClInclude Include="Headers\imgui_impl_opengl3.h">
      <Filter>Header Files\ImGUI</Filter>
    </ClInclude>
    <ClInclude Include="Headers\Application.h">
      <Filter>Header Files\System</Filter>
    </ClInclude>
    <ClInclude Include="Headers\Assimp.h">
      <Filter>Header Files\System</Filter>
    </ClInclude>
    <ClInclude Include="Headers\Camera.h">
      <Filter>Header Files\System</Filter>
    </ClInclude>
    <ClInclude Include="Headers\Common.h">
      <Filter>Header Files\System</Filter>
    </ClInclude>
    <ClInclude Include="Headers\Creature.h">
      <Filter>Header Files\System</Filter>
    </ClInclude>
    <ClInclude Include="Headers\EventSystem.h">
      <Filter>Header Files\System</Filter>
    </ClInclude>
    <ClInclude Include="Headers\GameObject.h">
      <Filter>Header Files\System</Filter>
    </ClInclude>
    <ClInclude Include="Headers\GLBuffers.h">
      <Filter>Header Files\System</Filter>
    </ClInclude>
    <ClInclude Include="Headers\Gui.h">
      <Filter>Header Files\Graphics</Filter>
    </ClInclude>
    <ClInclude Include="Headers\Image.h">
      <Filter>Header Files\Graphics</Filter>
    </ClInclude>
    <ClInclude Include="Headers\Lights.h">
      <Filter>Header Files\Graphics</Filter>
    </ClInclude>
    <ClInclude Include="Headers\Input.h">
      <Filter>Header Files\System</Filter>
    </ClInclude>
    <ClInclude Include="Headers\Material.h">
      <Filter>Header Files\Graphics</Filter>
    </ClInclude>
    <ClInclude Include="Headers\Mesh.h">
      <Filter>Header Files\Graphics</Filter>
    </ClInclude>
    <ClInclude Include="Headers\OpenGL.h">
      <Filter>Header Files\System</Filter>
    </ClInclude>
    <ClInclude Include="Headers\Primitive.h">
      <Filter>Header Files\Graphics</Filter>
    </ClInclude>
    <ClInclude Include="Headers\Shader.h">
      <Filter>Header Files\Graphics</Filter>
    </ClInclude>
    <ClInclude Include="Headers\ShadowMapper.h">
      <Filter>Header Files\Graphics</Filter>
    </ClInclude>
    <ClInclude Include="Headers\Sprite.h">
      <Filter>Header Files\Graphics</Filter>
    </ClInclude>
    <ClInclude Include="Headers\Terrain.h">
      <Filter>Header Files\Graphics</Filter>
    </ClInclude>
    <ClInclude Include="Headers\Test.h">
      <Filter>Header Files\System</Filter>
    </ClInclude>
    <ClInclude Include="Headers\ThreadPool.h">
      <Filter>Header Files\System</Filter>
    </ClInclude>
    <ClInclude Include="Headers\Texture.h">
      <Filter>Header Files\Graphics</Filter>
    </ClInclude>
    <ClInclude Include="Headers\Timer.h">
      <Filter>Header Files\System</Filter>
    </ClInclude>
    <ClInclude Include="Incomplete\Utility.h">
      <Filter>Header Files\System</Filter>
    </ClInclude>
    <ClInclude Include="Headers\Window.h">
      <Filter>Header Files\Graphics</Filter>
    </ClInclude>
    <ClInclude Include="Incomplete\MemoryManager.h">
      <Filter>Header Files\System\Incomplete</Filter>
    </ClInclude>
    <ClInclude Include="Headers\Native.h">
      <Filter>Header Files\System\Incomplete</Filter>
    </ClInclude>
    <ClInclude Include="SceneExporter.h">
      <Filter>Header Files\System\Incomplete</Filter>
    </ClInclude>
    <ClInclude Include="Headers\Physics.h">
      <Filter>Header Files\System\Incomplete</Filter>
    </ClInclude>
    <ClInclude Include="Headers\Asset.h">
      <Filter>Header Files\System\Incomplete</Filter>
    </ClInclude>
    <ClInclude Include="Headers\ECS.h">
      <Filter>Source Files\ECS</Filter>
    </ClInclude>
    <ClInclude Include="Headers\ECScomponent.h">
      <Filter>Source Files\ECS</Filter>
    </ClInclude>
    <ClInclude Include="Headers\ECSsystem.h">
      <Filter>Source Files\ECS</Filter>
    </ClInclude>
    <ClInclude Include="Headers\Renderer.h">
      <Filter>Header Files\Graphics</Filter>
    </ClInclude>
    <ClInclude Include="Headers\FileIO.h">
      <Filter>Header Files\System</Filter>
    </ClInclude>
  </ItemGroup>
  <ItemGroup>
    <ClCompile Include="Source\main.cpp">
      <Filter>Source Files</Filter>
    </ClCompile>
    <ClCompile Include="Source\imgui_demo.cpp">
      <Filter>Header Files\ImGUI</Filter>
    </ClCompile>
    <ClCompile Include="Source\imgui_widgets.cpp">
      <Filter>Header Files\ImGUI</Filter>
    </ClCompile>
    <ClCompile Include="Source\imgui_draw.cpp">
      <Filter>Header Files\ImGUI</Filter>
    </ClCompile>
    <ClCompile Include="Source\imgui.cpp">
      <Filter>Header Files\ImGUI</Filter>
    </ClCompile>
    <ClCompile Include="Source\imgui_impl_glfw.cpp">
      <Filter>Header Files\ImGUI</Filter>
    </ClCompile>
    <ClCompile Include="Source\imgui_impl_opengl3.cpp">
      <Filter>Header Files\ImGUI</Filter>
    </ClCompile>
    <ClCompile Include="Source\Lights.cpp">
      <Filter>Source Files\Graphics</Filter>
    </ClCompile>
    <ClCompile Include="Source\Material.cpp">
      <Filter>Source Files\Graphics</Filter>
    </ClCompile>
    <ClCompile Include="Source\Primitive.cpp">
      <Filter>Source Files\Graphics</Filter>
    </ClCompile>
    <ClCompile Include="Source\Mesh.cpp">
      <Filter>Source Files\Graphics</Filter>
    </ClCompile>
    <ClCompile Include="Source\Application.cpp">
      <Filter>Source Files\System</Filter>
    </ClCompile>
    <ClCompile Include="Source\Camera.cpp">
      <Filter>Source Files\System</Filter>
    </ClCompile>
    <ClCompile Include="Source\Core.cpp">
      <Filter>Source Files\System</Filter>
    </ClCompile>
    <ClCompile Include="Source\EventSystem.cpp">
      <Filter>Source Files\System</Filter>
    </ClCompile>
    <ClCompile Include="Source\glad.c">
      <Filter>Source Files\System</Filter>
    </ClCompile>
    <ClCompile Include="Source\GUI.cpp">
      <Filter>Source Files\Graphics</Filter>
    </ClCompile>
    <ClCompile Include="Source\Image.cpp">
      <Filter>Source Files\Graphics</Filter>
    </ClCompile>
    <ClCompile Include="Source\Input.cpp">
      <Filter>Source Files\System</Filter>
    </ClCompile>
    <ClCompile Include="Source\Native.cpp">
      <Filter>Source Files\System</Filter>
    </ClCompile>
    <ClCompile Include="Source\Physics.cpp">
      <Filter>Source Files\System</Filter>
    </ClCompile>
    <ClCompile Include="Source\Renderer.cpp">
      <Filter>Source Files\Graphics</Filter>
    </ClCompile>
    <ClCompile Include="Source\Shader.cpp">
      <Filter>Source Files\Graphics</Filter>
    </ClCompile>
    <ClCompile Include="Source\Shadow.cpp">
      <Filter>Source Files\Graphics</Filter>
    </ClCompile>
    <ClCompile Include="Source\Sprite.cpp">
      <Filter>Source Files\Graphics</Filter>
    </ClCompile>
    <ClCompile Include="Source\Terrain.cpp">
      <Filter>Source Files\Graphics</Filter>
    </ClCompile>
    <ClCompile Include="Source\Texture.cpp">
      <Filter>Source Files\Graphics</Filter>
    </ClCompile>
    <ClCompile Include="Source\Timer.cpp">
      <Filter>Source Files\System</Filter>
    </ClCompile>
    <ClCompile Include="Source\Window.cpp">
      <Filter>Source Files\Graphics</Filter>
    </ClCompile>
    <ClCompile Include="Source\GLBuffers.cpp">
      <Filter>Source Files\Graphics</Filter>
    </ClCompile>
    <ClCompile Include="Source\ECS.cpp">
      <Filter>Source Files\ECS</Filter>
    </ClCompile>
    <ClCompile Include="Source\ECScomponent.cpp">
      <Filter>Source Files\ECS</Filter>
    </ClCompile>
    <ClCompile Include="Source\ECSsystem.cpp">
      <Filter>Source Files\ECS</Filter>
    </ClCompile>
    <ClCompile Include="Source\Creature.cpp">
      <Filter>Source Files</Filter>
    </ClCompile>
    <ClCompile Include="Source\FileIO.cpp">
      <Filter>Source Files</Filter>
    </ClCompile>
  </ItemGroup>
  <ItemGroup>
    <Text Include="Resources\Removed.txt">
      <Filter>Resource Files</Filter>
    </Text>
    <Text Include="Resources\ParallelNotes.txt">
      <Filter>Resource Files</Filter>
    </Text>
    <Text Include="Resources\Progress.txt">
      <Filter>Resource Files</Filter>
    </Text>
    <Text Include="Debug.sfx">
      <Filter>Resource Files\Shaders</Filter>
    </Text>
  </ItemGroup>
  <ItemGroup>
    <None Include="Resources\Shaders\BasicShader.sfx">
      <Filter>Resource Files\Shaders</Filter>
    </None>
    <None Include="Resources\Shaders\Blur.sfx">
      <Filter>Resource Files\Shaders</Filter>
    </None>
    <None Include="Resources\Shaders\Collider.sfx">
      <Filter>Resource Files\Shaders</Filter>
    </None>
    <None Include="Resources\Shaders\ColorShader.sfx">
      <Filter>Resource Files\Shaders</Filter>
    </None>
    <None Include="Resources\Shaders\DebugQuad.sfx">
      <Filter>Resource Files\Shaders</Filter>
    </None>
    <None Include="Resources\Shaders\Example.sfx">
      <Filter>Resource Files\Shaders</Filter>
    </None>
    <None Include="Resources\Shaders\GodRays.sfx">
      <Filter>Resource Files\Shaders</Filter>
    </None>
    <None Include="Resources\Shaders\LightShader.sfx">
      <Filter>Resource Files\Shaders</Filter>
    </None>
    <None Include="Resources\Shaders\Preblur.sfx">
      <Filter>Resource Files\Shaders</Filter>
    </None>
    <None Include="Resources\Shaders\Shadow.sfx">
      <Filter>Resource Files\Shaders</Filter>
    </None>
    <None Include="Resources\Shaders\Skybox.sfx">
      <Filter>Resource Files\Shaders</Filter>
    </None>
    <None Include="Resources\Shaders\Sprite.sfx">
      <Filter>Resource Files\Shaders</Filter>
    </None>
  </ItemGroup>
</Project>